
Microsoft Visual Studio Solution File, Format Version 12.00
# Visual Studio 15
VisualStudioVersion = 15.0.28307.572
MinimumVisualStudioVersion = 10.0.40219.1
Project("{159641D6-6404-4A2A-AE62-294DE0FE8301}") = "Integration", "Integration\Integration.dtproj", "{FC74CD3A-3625-4411-816A-36E37A1C19EA}"
EndProject
Global
	GlobalSection(SolutionConfigurationPlatforms) = preSolution
		Development|Default = Development|Default
	EndGlobalSection
	GlobalSection(ProjectConfigurationPlatforms) = postSolution
		{FC74CD3A-3625-4411-816A-36E37A1C19EA}.Development|Default.ActiveCfg = Development
		{FC74CD3A-3625-4411-816A-36E37A1C19EA}.Development|Default.Build.0 = Development
	EndGlobalSection
	GlobalSection(SolutionProperties) = preSolution
		HideSolutionNode = FALSE
	EndGlobalSection
	GlobalSection(ExtensibilityGlobals) = postSolution
		SolutionGuid = {40BB4BEB-E8BD-4F0B-9EAE-034EEB50519E}
	EndGlobalSection
EndGlobal
